
Microsoft Visual Studio Solution File, Format Version 12.00
# Visual Studio Version 17
VisualStudioVersion = 17.4.33122.133
MinimumVisualStudioVersion = 10.0.40219.1
Project("{FAE04EC0-301F-11D3-BF4B-00C04F79EFBC}") = "ex1", "ex1\ex1.csproj", "{4AB6DC82-483F-4047-8F1E-9FABE8DF57A0}"
EndProject
Global
	GlobalSection(SolutionConfigurationPlatforms) = preSolution
		Debug|Any CPU = Debug|Any CPU
		Release|Any CPU = Release|Any CPU
	EndGlobalSection
	GlobalSection(ProjectConfigurationPlatforms) = postSolution
		{4AB6DC82-483F-4047-8F1E-9FABE8DF57A0}.Debug|Any CPU.ActiveCfg = Debug|Any CPU
		{4AB6DC82-483F-4047-8F1E-9FABE8DF57A0}.Debug|Any CPU.Build.0 = Debug|Any CPU
		{4AB6DC82-483F-4047-8F1E-9FABE8DF57A0}.Release|Any CPU.ActiveCfg = Release|Any CPU
		{4AB6DC82-483F-4047-8F1E-9FABE8DF57A0}.Release|Any CPU.Build.0 = Release|Any CPU
	EndGlobalSection
	GlobalSection(SolutionProperties) = preSolution
		HideSolutionNode = FALSE
	EndGlobalSection
	GlobalSection(ExtensibilityGlobals) = postSolution
		SolutionGuid = {E4556F58-FFEF-4166-BF96-BA96F8257935}
	EndGlobalSection
EndGlobal
